
Microsoft Visual Studio Solution File, Format Version 12.00
# Visual Studio Version 16
VisualStudioVersion = 16.0.31515.178
MinimumVisualStudioVersion = 10.0.40219.1
Project("{FAE04EC0-301F-11D3-BF4B-00C04F79EFBC}") = "C1", "C1\C1.csproj", "{F593F9C2-E20F-4DF4-A8A5-4D11742FB9E7}"
EndProject
Global
	GlobalSection(SolutionConfigurationPlatforms) = preSolution
		Debug|Any CPU = Debug|Any CPU
		Release|Any CPU = Release|Any CPU
	EndGlobalSection
	GlobalSection(ProjectConfigurationPlatforms) = postSolution
		{F593F9C2-E20F-4DF4-A8A5-4D11742FB9E7}.Debug|Any CPU.ActiveCfg = Debug|Any CPU
		{F593F9C2-E20F-4DF4-A8A5-4D11742FB9E7}.Debug|Any CPU.Build.0 = Debug|Any CPU
		{F593F9C2-E20F-4DF4-A8A5-4D11742FB9E7}.Release|Any CPU.ActiveCfg = Release|Any CPU
		{F593F9C2-E20F-4DF4-A8A5-4D11742FB9E7}.Release|Any CPU.Build.0 = Release|Any CPU
	EndGlobalSection
	GlobalSection(SolutionProperties) = preSolution
		HideSolutionNode = FALSE
	EndGlobalSection
	GlobalSection(ExtensibilityGlobals) = postSolution
		SolutionGuid = {7E7E3EB4-F7A7-47DC-90E0-C8CEC4796F06}
	EndGlobalSection
EndGlobal
